schema: '2.0'
stages:
  data_ingestion:
    cmd: python src/data/data_ingestion.py
    deps:
    - path: src/data/data_ingestion.py
      hash: md5
      md5: ee08a4c31ae467cebbcce70b5cc5491a
      size: 3545
    params:
      params.yaml:
        data_ingestion.test_size: 0.2
    outs:
    - path: data/raw
      hash: md5
      md5: fb326d2eec197669f9638afde28356bf.dir
      size: 827973
      nfiles: 2
  data_preprocessing:
    cmd: python src/data/data_preprocessing.py
    deps:
    - path: data/raw
      hash: md5
      md5: fb326d2eec197669f9638afde28356bf.dir
      size: 827973
      nfiles: 2
    - path: src/data/data_preprocessing.py
      hash: md5
      md5: c1e18bf95fcc1e3d80cae9ee7c4a6383
      size: 4014
    outs:
    - path: data/interim
      hash: md5
      md5: ef37afd17951ea8af23114b28d26f784.dir
      size: 566210
      nfiles: 2
  feature_engineering:
    cmd: python src/features/feature_engineering.py
    deps:
    - path: data/interim
      hash: md5
      md5: ef37afd17951ea8af23114b28d26f784.dir
      size: 566210
      nfiles: 2
    - path: src/features/feature_engineering.py
      hash: md5
      md5: c1888aef256c204017522c2ce5fd36a0
      size: 3883
    params:
      params.yaml:
        feature_engineering.max_features: 3500
    outs:
    - path: data/processed
      hash: md5
      md5: d0b8b7de56310792be75bf30da8d33c8.dir
      size: 72681916
      nfiles: 2
    - path: models/vectorizer.pkl
      hash: md5
      md5: e885ae2dfd54d263c9c1265614dc920a
      size: 97164
  model_building:
    cmd: python src/model/model_building.py
    deps:
    - path: data/processed
      hash: md5
      md5: d0b8b7de56310792be75bf30da8d33c8.dir
      size: 72681916
      nfiles: 2
    - path: src/model/model_building.py
      hash: md5
      md5: 809681a98d52938b43c9befd0b00a422
      size: 2373
    outs:
    - path: models/model.pkl
      hash: md5
      md5: 6354ce9207152c4529f7eb50cb92b4ef
      size: 28657
  model_evaluation:
    cmd: python src/model/model_evaluation.py
    deps:
    - path: models/model.pkl
      hash: md5
      md5: 6354ce9207152c4529f7eb50cb92b4ef
      size: 28657
    - path: src/model/model_evaluation.py
      hash: md5
      md5: b59a4cae2d7859f1ce06574003eaa2ef
      size: 5335
    outs:
    - path: reports/experiment_info.json
      hash: md5
      md5: dda5a9de3434d3b2b064ff90b6d0bda4
      size: 119
    - path: reports/metrics.json
      hash: md5
      md5: f2082b4a4158c2049434a6d490c71d11
      size: 145
  model_registration:
    cmd: python src/model/register_model.py
    deps:
    - path: reports/experiment_info.json
      hash: md5
      md5: dda5a9de3434d3b2b064ff90b6d0bda4
      size: 119
    - path: src/model/register_model.py
      hash: md5
      md5: 4de70db2285eb5b263f9f36dab946c46
      size: 2499
